
Microsoft Visual Studio Solution File, Format Version 12.00
# Visual Studio 15
VisualStudioVersion = 15.0.26124.0
MinimumVisualStudioVersion = 15.0.26124.0
Project("{9A19103F-16F7-4668-BE54-9A1E7A4F7556}") = "R5T.Code.VisualStudio.IO.Types.Construction", "R5T.Code.VisualStudio.IO.Types.Construction\R5T.Code.VisualStudio.IO.Types.Construction.csproj", "{757AD509-FE63-4496-AD57-344BA67C3EFA}"
EndProject
Project("{9A19103F-16F7-4668-BE54-9A1E7A4F7556}") = "R5T.Code.VisualStudio.IO.Types", "R5T.Code.VisualStudio.IO.Types\R5T.Code.VisualStudio.IO.Types.csproj", "{723E9C2F-B4EB-4504-B2EC-99711EE744F7}"
EndProject
Project("{9A19103F-16F7-4668-BE54-9A1E7A4F7556}") = "R5T.Code.VisualStudio.IO.Types.Testing", "R5T.Code.VisualStudio.IO.Types.Testing\R5T.Code.VisualStudio.IO.Types.Testing.csproj", "{7EEDA83F-E6DC-43C3-B914-DA31AE988BDA}"
EndProject
Project("{2150E333-8FDC-42A3-9474-1A3956D46DE8}") = "_Dependencies", "_Dependencies", "{CC07C5C9-6583-451D-A802-DBDA6E093837}"
EndProject
Project("{9A19103F-16F7-4668-BE54-9A1E7A4F7556}") = "R5T.NetStandard.IO.Paths.Types", "..\..\R5T.NetStandard.IO.Paths.Types\source\R5T.NetStandard.IO.Paths.Types\R5T.NetStandard.IO.Paths.Types.csproj", "{21FF3E44-3C76-4ADB-BEAB-226CB1357A2F}"
EndProject
Project("{9A19103F-16F7-4668-BE54-9A1E7A4F7556}") = "R5T.NetStandard.TypedString", "..\..\R5T.NetStandard.TypedString\source\R5T.NetStandard.TypedString\R5T.NetStandard.TypedString.csproj", "{EA84D0D8-03FA-40F1-9EF1-04BD8AB3B9E3}"
EndProject
Project("{9A19103F-16F7-4668-BE54-9A1E7A4F7556}") = "R5T.NetStandard.Types", "..\..\R5T.NetStandard.Types\source\R5T.NetStandard.Types\R5T.NetStandard.Types.csproj", "{3282B320-B216-4A19-9BFD-CF6A7F201107}"
EndProject
Global
	GlobalSection(SolutionConfigurationPlatforms) = preSolution
		Debug|Any CPU = Debug|Any CPU
		Debug|x64 = Debug|x64
		Debug|x86 = Debug|x86
		Release|Any CPU = Release|Any CPU
		Release|x64 = Release|x64
		Release|x86 = Release|x86
	EndGlobalSection
	GlobalSection(ProjectConfigurationPlatforms) = postSolution
		{757AD509-FE63-4496-AD57-344BA67C3EFA}.Debug|Any CPU.ActiveCfg = Debug|Any CPU
		{757AD509-FE63-4496-AD57-344BA67C3EFA}.Debug|Any CPU.Build.0 = Debug|Any CPU
		{757AD509-FE63-4496-AD57-344BA67C3EFA}.Debug|x64.ActiveCfg = Debug|Any CPU
		{757AD509-FE63-4496-AD57-344BA67C3EFA}.Debug|x64.Build.0 = Debug|Any CPU
		{757AD509-FE63-4496-AD57-344BA67C3EFA}.Debug|x86.ActiveCfg = Debug|Any CPU
		{757AD509-FE63-4496-AD57-344BA67C3EFA}.Debug|x86.Build.0 = Debug|Any CPU
		{757AD509-FE63-4496-AD57-344BA67C3EFA}.Release|Any CPU.ActiveCfg = Release|Any CPU
		{757AD509-FE63-4496-AD57-344BA67C3EFA}.Release|Any CPU.Build.0 = Release|Any CPU
		{757AD509-FE63-4496-AD57-344BA67C3EFA}.Release|x64.ActiveCfg = Release|Any CPU
		{757AD509-FE63-4496-AD57-344BA67C3EFA}.Release|x64.Build.0 = Release|Any CPU
		{757AD509-FE63-4496-AD57-344BA67C3EFA}.Release|x86.ActiveCfg = Release|Any CPU
		{757AD509-FE63-4496-AD57-344BA67C3EFA}.Release|x86.Build.0 = Release|Any CPU
		{723E9C2F-B4EB-4504-B2EC-99711EE744F7}.Debug|Any CPU.ActiveCfg = Debug|Any CPU
		{723E9C2F-B4EB-4504-B2EC-99711EE744F7}.Debug|Any CPU.Build.0 = Debug|Any CPU
		{723E9C2F-B4EB-4504-B2EC-99711EE744F7}.Debug|x64.ActiveCfg = Debug|Any CPU
		{723E9C2F-B4EB-4504-B2EC-99711EE744F7}.Debug|x64.Build.0 = Debug|Any CPU
		{723E9C2F-B4EB-4504-B2EC-99711EE744F7}.Debug|x86.ActiveCfg = Debug|Any CPU
		{723E9C2F-B4EB-4504-B2EC-99711EE744F7}.Debug|x86.Build.0 = Debug|Any CPU
		{723E9C2F-B4EB-4504-B2EC-99711EE744F7}.Release|Any CPU.ActiveCfg = Release|Any CPU
		{723E9C2F-B4EB-4504-B2EC-99711EE744F7}.Release|Any CPU.Build.0 = Release|Any CPU
		{723E9C2F-B4EB-4504-B2EC-99711EE744F7}.Release|x64.ActiveCfg = Release|Any CPU
		{723E9C2F-B4EB-4504-B2EC-99711EE744F7}.Release|x64.Build.0 = Release|Any CPU
		{723E9C2F-B4EB-4504-B2EC-99711EE744F7}.Release|x86.ActiveCfg = Release|Any CPU
		{723E9C2F-B4EB-4504-B2EC-99711EE744F7}.Release|x86.Build.0 = Release|Any CPU
		{7EEDA83F-E6DC-43C3-B914-DA31AE988BDA}.Debug|Any CPU.ActiveCfg = Debug|Any CPU
		{7EEDA83F-E6DC-43C3-B914-DA31AE988BDA}.Debug|Any CPU.Build.0 = Debug|Any CPU
		{7EEDA83F-E6DC-43C3-B914-DA31AE988BDA}.Debug|x64.ActiveCfg = Debug|Any CPU
		{7EEDA83F-E6DC-43C3-B914-DA31AE988BDA}.Debug|x64.Build.0 = Debug|Any CPU
		{7EEDA83F-E6DC-43C3-B914-DA31AE988BDA}.Debug|x86.ActiveCfg = Debug|Any CPU
		{7EEDA83F-E6DC-43C3-B914-DA31AE988BDA}.Debug|x86.Build.0 = Debug|Any CPU
		{7EEDA83F-E6DC-43C3-B914-DA31AE988BDA}.Release|Any CPU.ActiveCfg = Release|Any CPU
		{7EEDA83F-E6DC-43C3-B914-DA31AE988BDA}.Release|Any CPU.Build.0 = Release|Any CPU
		{7EEDA83F-E6DC-43C3-B914-DA31AE988BDA}.Release|x64.ActiveCfg = Release|Any CPU
		{7EEDA83F-E6DC-43C3-B914-DA31AE988BDA}.Release|x64.Build.0 = Release|Any CPU
		{7EEDA83F-E6DC-43C3-B914-DA31AE988BDA}.Release|x86.ActiveCfg = Release|Any CPU
		{7EEDA83F-E6DC-43C3-B914-DA31AE988BDA}.Release|x86.Build.0 = Release|Any CPU
		{21FF3E44-3C76-4ADB-BEAB-226CB1357A2F}.Debug|Any CPU.ActiveCfg = Debug|Any CPU
		{21FF3E44-3C76-4ADB-BEAB-226CB1357A2F}.Debug|Any CPU.Build.0 = Debug|Any CPU
		{21FF3E44-3C76-4ADB-BEAB-226CB1357A2F}.Debug|x64.ActiveCfg = Debug|Any CPU
		{21FF3E44-3C76-4ADB-BEAB-226CB1357A2F}.Debug|x64.Build.0 = Debug|Any CPU
		{21FF3E44-3C76-4ADB-BEAB-226CB1357A2F}.Debug|x86.ActiveCfg = Debug|Any CPU
		{21FF3E44-3C76-4ADB-BEAB-226CB1357A2F}.Debug|x86.Build.0 = Debug|Any CPU
		{21FF3E44-3C76-4ADB-BEAB-226CB1357A2F}.Release|Any CPU.ActiveCfg = Release|Any CPU
		{21FF3E44-3C76-4ADB-BEAB-226CB1357A2F}.Release|Any CPU.Build.0 = Release|Any CPU
		{21FF3E44-3C76-4ADB-BEAB-226CB1357A2F}.Release|x64.ActiveCfg = Release|Any CPU
		{21FF3E44-3C76-4ADB-BEAB-226CB1357A2F}.Release|x64.Build.0 = Release|Any CPU
		{21FF3E44-3C76-4ADB-BEAB-226CB1357A2F}.Release|x86.ActiveCfg = Release|Any CPU
		{21FF3E44-3C76-4ADB-BEAB-226CB1357A2F}.Release|x86.Build.0 = Release|Any CPU
		{EA84D0D8-03FA-40F1-9EF1-04BD8AB3B9E3}.Debug|Any CPU.ActiveCfg = Debug|Any CPU
		{EA84D0D8-03FA-40F1-9EF1-04BD8AB3B9E3}.Debug|Any CPU.Build.0 = Debug|Any CPU
		{EA84D0D8-03FA-40F1-9EF1-04BD8AB3B9E3}.Debug|x64.ActiveCfg = Debug|Any CPU
		{EA84D0D8-03FA-40F1-9EF1-04BD8AB3B9E3}.Debug|x64.Build.0 = Debug|Any CPU
		{EA84D0D8-03FA-40F1-9EF1-04BD8AB3B9E3}.Debug|x86.ActiveCfg = Debug|Any CPU
		{EA84D0D8-03FA-40F1-9EF1-04BD8AB3B9E3}.Debug|x86.Build.0 = Debug|Any CPU
		{EA84D0D8-03FA-40F1-9EF1-04BD8AB3B9E3}.Release|Any CPU.ActiveCfg = Release|Any CPU
		{EA84D0D8-03FA-40F1-9EF1-04BD8AB3B9E3}.Release|Any CPU.Build.0 = Release|Any CPU
		{EA84D0D8-03FA-40F1-9EF1-04BD8AB3B9E3}.Release|x64.ActiveCfg = Release|Any CPU
		{EA84D0D8-03FA-40F1-9EF1-04BD8AB3B9E3}.Release|x64.Build.0 = Release|Any CPU
		{EA84D0D8-03FA-40F1-9EF1-04BD8AB3B9E3}.Release|x86.ActiveCfg = Release|Any CPU
		{EA84D0D8-03FA-40F1-9EF1-04BD8AB3B9E3}.Release|x86.Build.0 = Release|Any CPU
		{3282B320-B216-4A19-9BFD-CF6A7F201107}.Debug|Any CPU.ActiveCfg = Debug|Any CPU
		{3282B320-B216-4A19-9BFD-CF6A7F201107}.Debug|Any CPU.Build.0 = Debug|Any CPU
		{3282B320-B216-4A19-9BFD-CF6A7F201107}.Debug|x64.ActiveCfg = Debug|Any CPU
		{3282B320-B216-4A19-9BFD-CF6A7F201107}.Debug|x64.Build.0 = Debug|Any CPU
		{3282B320-B216-4A19-9BFD-CF6A7F201107}.Debug|x86.ActiveCfg = Debug|Any CPU
		{3282B320-B216-4A19-9BFD-CF6A7F201107}.Debug|x86.Build.0 = Debug|Any CPU
		{3282B320-B216-4A19-9BFD-CF6A7F201107}.Release|Any CPU.ActiveCfg = Release|Any CPU
		{3282B320-B216-4A19-9BFD-CF6A7F201107}.Release|Any CPU.Build.0 = Release|Any CPU
		{3282B320-B216-4A19-9BFD-CF6A7F201107}.Release|x64.ActiveCfg = Release|Any CPU
		{3282B320-B216-4A19-9BFD-CF6A7F201107}.Release|x64.Build.0 = Release|Any CPU
		{3282B320-B216-4A19-9BFD-CF6A7F201107}.Release|x86.ActiveCfg = Release|Any CPU
		{3282B320-B216-4A19-9BFD-CF6A7F201107}.Release|x86.Build.0 = Release|Any CPU
	EndGlobalSection
	GlobalSection(SolutionProperties) = preSolution
		HideSolutionNode = FALSE
	EndGlobalSection
	GlobalSection(NestedProjects) = preSolution
		{21FF3E44-3C76-4ADB-BEAB-226CB1357A2F} = {CC07C5C9-6583-451D-A802-DBDA6E093837}
		{EA84D0D8-03FA-40F1-9EF1-04BD8AB3B9E3} = {CC07C5C9-6583-451D-A802-DBDA6E093837}
		{3282B320-B216-4A19-9BFD-CF6A7F201107} = {CC07C5C9-6583-451D-A802-DBDA6E093837}
	EndGlobalSection
	GlobalSection(ExtensibilityGlobals) = postSolution
		SolutionGuid = {B7080334-6DBE-4D47-A4C9-35F81D6A71A7}
	EndGlobalSection
EndGlobal
